
Microsoft Visual Studio Solution File, Format Version 12.00
# Visual Studio Version 17
VisualStudioVersion = 17.1.32421.90
MinimumVisualStudioVersion = 10.0.40219.1
Project("{FAE04EC0-301F-11D3-BF4B-00C04F79EFBC}") = "hello_world", "hello_world.csproj", "{B09C6E30-5B0D-489B-9921-BA895DAC2E3E}"
EndProject
Project("{E53339B2-1760-4266-BCC7-CA923CBCF16C}") = "docker-compose", "docker-compose.dcproj", "{A2D68348-0BC6-482E-8339-FA9E511E178A}"
EndProject
Global
	GlobalSection(SolutionConfigurationPlatforms) = preSolution
		Debug|Any CPU = Debug|Any CPU
		Release|Any CPU = Release|Any CPU
	EndGlobalSection
	GlobalSection(ProjectConfigurationPlatforms) = postSolution
		{B09C6E30-5B0D-489B-9921-BA895DAC2E3E}.Debug|Any CPU.ActiveCfg = Debug|Any CPU
		{B09C6E30-5B0D-489B-9921-BA895DAC2E3E}.Debug|Any CPU.Build.0 = Debug|Any CPU
		{B09C6E30-5B0D-489B-9921-BA895DAC2E3E}.Release|Any CPU.ActiveCfg = Release|Any CPU
		{B09C6E30-5B0D-489B-9921-BA895DAC2E3E}.Release|Any CPU.Build.0 = Release|Any CPU
		{A2D68348-0BC6-482E-8339-FA9E511E178A}.Debug|Any CPU.ActiveCfg = Debug|Any CPU
		{A2D68348-0BC6-482E-8339-FA9E511E178A}.Debug|Any CPU.Build.0 = Debug|Any CPU
		{A2D68348-0BC6-482E-8339-FA9E511E178A}.Release|Any CPU.ActiveCfg = Release|Any CPU
		{A2D68348-0BC6-482E-8339-FA9E511E178A}.Release|Any CPU.Build.0 = Release|Any CPU
	EndGlobalSection
	GlobalSection(SolutionProperties) = preSolution
		HideSolutionNode = FALSE
	EndGlobalSection
	GlobalSection(ExtensibilityGlobals) = postSolution
		SolutionGuid = {76F84A00-145E-426E-AA00-D69978AFB7D4}
	EndGlobalSection
EndGlobal
